<?xml version="1.0" encoding="utf-8"?>
<Project ToolsVersion="4.0" xmlns="http://schemas.microsoft.com/developer/msbuild/2003">
  <ItemGroup>
    <Filter Include="Source Files">
      <UniqueIdentifier>{4FC737F1-C7A5-4376-A066-2A32D752A2FF}</UniqueIdentifier>
      <Extensions>cpp;c;cc;cxx;c++;cppm;ixx;def;odl;idl;hpj;bat;asm;asmx</Extensions>
    </Filter>
    <Filter Include="Header Files">
      <UniqueIdentifier>{93995380-89BD-4b04-88EB-625FBE52EBFB}</UniqueIdentifier>
      <Extensions>h;hh;hpp;hxx;h++;hm;inl;inc;ipp;xsd</Extensions>
    </Filter>
    <Filter Include="Resource Files">
      <UniqueIdentifier>{67DA6AB6-F800-4c08-8B7A-83BB121AAD01}</UniqueIdentifier>
      <Extensions>rc;ico;cur;bmp;dlg;rc2;rct;bin;rgs;gif;jpg;jpeg;jpe;resx;tiff;tif;png;wav;mfcribbon-ms</Extensions>
    </Filter>
    <Filter Include="Header Files\Game Objects">
      <UniqueIdentifier>{b78b3969-39a4-4493-91cb-da61abfa3f13}</UniqueIdentifier>
    </Filter>
    <Filter Include="Header Files\Framework of God">
      <UniqueIdentifier>{feebb4f5-9735-4ff0-8c2e-624d896525f7}</UniqueIdentifier>
    </Filter>
    <Filter Include="Header Files\Utilities">
      <UniqueIdentifier>{e32b6e09-511d-45ad-b50b-473b8260a48c}</UniqueIdentifier>
    </Filter>
    <Filter Include="Header Files\_IDs">
      <UniqueIdentifier>{616370ec-75eb-44f8-a2f6-73debb781782}</UniqueIdentifier>
    </Filter>
    <Filter Include="Source Files\Framework of God">
      <UniqueIdentifier>{ddc636e9-d36f-4caf-8644-fba023ccea15}</UniqueIdentifier>
    </Filter>
    <Filter Include="Source Files\Game Objects">
      <UniqueIdentifier>{90788963-b120-4067-a545-0ac7aaf3956a}</UniqueIdentifier>
    </Filter>
    <Filter Include="Source Files\Utilities">
      <UniqueIdentifier>{dc495157-824c-4239-b5a8-75c634c2cf3f}</UniqueIdentifier>
    </Filter>
  </ItemGroup>
  <ItemGroup>
    <None Include="packages.config" />
  </ItemGroup>
  <ItemGroup>
    <ClInclude Include="Game.h">
      <Filter>Header Files\Framework of God</Filter>
    </ClInclude>
    <ClInclude Include="KeyEventHandler.h">
      <Filter>Header Files\Framework of God</Filter>
    </ClInclude>
    <ClInclude Include="Texture.h">
      <Filter>Header Files\Framework of God</Filter>
    </ClInclude>
    <ClInclude Include="Animation.h">
      <Filter>Header Files\Framework of God</Filter>
    </ClInclude>
    <ClInclude Include="AnimationFrame.h">
      <Filter>Header Files\Framework of God</Filter>
    </ClInclude>
    <ClInclude Include="Animations.h">
      <Filter>Header Files\Framework of God</Filter>
    </ClInclude>
    <ClInclude Include="GameObject.h">
      <Filter>Header Files\Framework of God</Filter>
    </ClInclude>
    <ClInclude Include="Sprite.h">
      <Filter>Header Files\Framework of God</Filter>
    </ClInclude>
    <ClInclude Include="Sprites.h">
      <Filter>Header Files\Framework of God</Filter>
    </ClInclude>
    <ClInclude Include="Textures.h">
      <Filter>Header Files\Framework of God</Filter>
    </ClInclude>
    <ClInclude Include="debug.h">
      <Filter>Header Files\Utilities</Filter>
    </ClInclude>
    <ClInclude Include="AssetIDs.h">
      <Filter>Header Files\_IDs</Filter>
    </ClInclude>
    <ClInclude Include="Collision.h">
      <Filter>Header Files\Framework of God</Filter>
    </ClInclude>
  </ItemGroup>
  <ItemGroup>
    <ClCompile Include="main.cpp">
      <Filter>Source Files</Filter>
    </ClCompile>
  </ItemGroup>
</Project>